
Microsoft Visual Studio Solution File, Format Version 12.00
# Visual Studio Version 17
VisualStudioVersion = 17.14.36408.4 d17.14
MinimumVisualStudioVersion = 10.0.40219.1
Project("{FAE04EC0-301F-11D3-BF4B-00C04F79EFBC}") = "BusServices", "BusServices.csproj", "{00A78D6F-44AD-44A0-A7AA-5FE0E29A3450}"
EndProject
Global
	GlobalSection(SolutionConfigurationPlatforms) = preSolution
		Debug|Any CPU = Debug|Any CPU
		Release|Any CPU = Release|Any CPU
	EndGlobalSection
	GlobalSection(ProjectConfigurationPlatforms) = postSolution
		{00A78D6F-44AD-44A0-A7AA-5FE0E29A3450}.Debug|Any CPU.ActiveCfg = Debug|Any CPU
		{00A78D6F-44AD-44A0-A7AA-5FE0E29A3450}.Debug|Any CPU.Build.0 = Debug|Any CPU
		{00A78D6F-44AD-44A0-A7AA-5FE0E29A3450}.Release|Any CPU.ActiveCfg = Release|Any CPU
		{00A78D6F-44AD-44A0-A7AA-5FE0E29A3450}.Release|Any CPU.Build.0 = Release|Any CPU
	EndGlobalSection
	GlobalSection(SolutionProperties) = preSolution
		HideSolutionNode = FALSE
	EndGlobalSection
	GlobalSection(ExtensibilityGlobals) = postSolution
		SolutionGuid = {2FD7B56D-FFE5-40EB-BF90-42A101A5A656}
	EndGlobalSection
EndGlobal
